github.com/ambelovsky/go-structs v1.1.0 h1:LXj4/mHnYw0qhXQhOo96+ULGQ88H8qMcZd5SHef8boY=
github.com/ambelovsky/go-structs v1.1.0/go.mod h1:zN3RBXQvxgjjq/Q/WZS7p5AEK+qC9mNg7ycnvoQ63Ak=
github.com/ambelovsky/gosf-socketio v0.0.0-20220810204405-0f97832ec7af h1:SXdLHP09xttaOeI9q3+strkbVIAmdo6CJwa9EqqMnug=
github.com/ambelovsky/gosf-socketio v0.0.0-20220810204405-0f97832ec7af/go.mod h1:1w9JQkj1okH2vn3f95PdSbVvGg6d+x+TcaXQFpCfxmA=
github.com/gorilla/websocket v1.5.0 h1:PPwGk2jz7EePpoHN/+ClbZu8SPxiqlu12wZP/3sWmnc=
github.com/gorilla/websocket v1.5.0/go.mod h1:YR8l580nyteQvAITg2hZ9XVh4b55+EU/adAjf1fMHhE=
github.com/mitchellh/mapstructure v1.5.0 h1:jeMsZIYE/09sWLaz43PL7Gy6RuMjD2eJVyuac5Z2hdY=
github.com/mitchellh/mapstructure v1.5.0/go.mod h1:bFUtVrKA4DC2yAKiSyO/QUcy7e+RRV2QTWOzhPopBRo=
